# This file is automatically @generated by Cargo.
# It is not intended for manual editing.
version = 4

[[package]]
name = "task-application"
version = "0.1.0"
dependencies = [
 "task-domain",
]

[[package]]
name = "task-cli"
version = "0.1.0"
dependencies = [
 "task-application",
 "task-domain",
 "task-infrastructure",
 "task-presentation",
]

[[package]]
name = "task-domain"
version = "0.1.0"

[[package]]
name = "task-infrastructure"
version = "0.1.0"
dependencies = [
 "task-domain",
]

[[package]]
name = "task-presentation"
version = "0.1.0"
dependencies = [
 "task-application",
 "task-domain",
]
